{
  "name": "SimplePokeCalc",
  "lockfileVersion": 2,
  "requires": true,
  "packages": {
    "": {
      "dependencies": {
        "@smogon/calc": "^0.7.0"
      }
    },
    "node_modules/@smogon/calc": {
      "version": "0.7.0",
      "resolved": "https://registry.npmjs.org/@smogon/calc/-/calc-0.7.0.tgz",
      "integrity": "sha512-2+AGILYtqwRBceIIYkxH1dvtLwzSdyEwAAFWDfjYVwwNohmsNKjU5RVsDal8matpmNJptHF2FekSbHONNZTlUg==",
      "dependencies": {
        "@types/node": "^18.11.9"
      }
    },
    "node_modules/@types/node": {
      "version": "18.11.18",
      "resolved": "https://registry.npmjs.org/@types/node/-/node-18.11.18.tgz",
      "integrity": "sha512-DHQpWGjyQKSHj3ebjFI/wRKcqQcdR+MoFBygntYOZytCqNfkd2ZC4ARDJ2DQqhjH5p85Nnd3jhUJIXrszFX/JA=="
    }
  },
  "dependencies": {
    "@smogon/calc": {
      "version": "0.7.0",
      "resolved": "https://registry.npmjs.org/@smogon/calc/-/calc-0.7.0.tgz",
      "integrity": "sha512-2+AGILYtqwRBceIIYkxH1dvtLwzSdyEwAAFWDfjYVwwNohmsNKjU5RVsDal8matpmNJptHF2FekSbHONNZTlUg==",
      "requires": {
        "@types/node": "^18.11.9"
      }
    },
    "@types/node": {
      "version": "18.11.18",
      "resolved": "https://registry.npmjs.org/@types/node/-/node-18.11.18.tgz",
      "integrity": "sha512-DHQpWGjyQKSHj3ebjFI/wRKcqQcdR+MoFBygntYOZytCqNfkd2ZC4ARDJ2DQqhjH5p85Nnd3jhUJIXrszFX/JA=="
    }
  }
}
